// !$*UTF8*$!
{
	archiveVersion = 1;
	classes = {
	};
	objectVersion = 46;
	objects = {

/* Begin PBXBuildFile section */
		30F36F191A13BCDE002A6AFE /* main.m in Sources */ = {isa = PBXBuildFile; fileRef = 30F36F181A13BCDE002A6AFE /* main.m */; };
		30F36F241A13BFCB002A6AFE /* LTUApp.m in Sources */ = {isa = PBXBuildFile; fileRef = 30F36F231A13BFCB002A6AFE /* LTUApp.m */; };
/* End PBXBuildFile section */

/* Begin PBXCopyFilesBuildPhase section */
		30F36F131A13BCDE002A6AFE /* CopyFiles */ = {
			isa = PBXCopyFilesBuildPhase;
			buildActionMask = 2147483647;
			dstPath = /usr/share/man/man1/;
			dstSubfolderSpec = 0;
			files = (
			);
			runOnlyForDeploymentPostprocessing = 1;
		};
/* End PBXCopyFilesBuildPhase section */

/* Begin PBXFileReference section */
		30F36F151A13BCDE002A6AFE /* OnDemandSnippet */ = {isa = PBXFileReference; explicitFileType = "compiled.mach-o.executable"; includeInIndex = 0; path = OnDemandSnippet; sourceTree = BUILT_PRODUCTS_DIR; };
		30F36F181A13BCDE002A6AFE /* main.m */ = {isa = PBXFileReference; lastKnownFileType = sourcecode.c.objc; path = main.m; sourceTree = "<group>"; };
		30F36F221A13BFCB002A6AFE /* LTUApp.h */ = {isa = PBXFileReference; fileEncoding = 4; lastKnownFileType = sourcecode.c.h; path = LTUApp.h; sourceTree = "<group>"; };
		30F36F231A13BFCB002A6AFE /* LTUApp.m */ = {isa = PBXFileReference; fileEncoding = 4; lastKnownFileType = sourcecode.c.objc; path = LTUApp.m; sourceTree = "<group>"; };
/* End PBXFileReference section */

/* Begin PBXFrameworksBuildPhase section */
		30F36F121A13BCDE002A6AFE /* Frameworks */ = {
			isa = PBXFrameworksBuildPhase;
			buildActionMask = 2147483647;
			files = (
			);
			runOnlyForDeploymentPostprocessing = 0;
		};
/* End PBXFrameworksBuildPhase section */

/* Begin PBXGroup section */
		30F36F0C1A13BCDE002A6AFE = {
			isa = PBXGroup;
			children = (
				30F36F171A13BCDE002A6AFE /* OnDemandSnippet */,
				30F36F161A13BCDE002A6AFE /* Products */,
			);
			sourceTree = "<group>";
		};
		30F36F161A13BCDE002A6AFE /* Products */ = {
			isa = PBXGroup;
			children = (
				30F36F151A13BCDE002A6AFE /* OnDemandSnippet */,
			);
			name = Products;
			sourceTree = "<group>";
		};
		30F36F171A13BCDE002A6AFE /* OnDemandSnippet */ = {
			isa = PBXGroup;
			children = (
				30F36F181A13BCDE002A6AFE /* main.m */,
				30F36F221A13BFCB002A6AFE /* LTUApp.h */,
				30F36F231A13BFCB002A6AFE /* LTUApp.m */,
			);
			path = OnDemandSnippet;
			sourceTree = "<group>";
		};
/* End PBXGroup section */

/* Begin PBXNativeTarget section */
		30F36F141A13BCDE002A6AFE /* OnDemandSnippet */ = {
			isa = PBXNativeTarget;
			buildConfigurationList = 30F36F1C1A13BCDE002A6AFE /* Build configuration list for PBXNativeTarget "OnDemandSnippet" */;
			buildPhases = (
				30F36F111A13BCDE002A6AFE /* Sources */,
				30F36F121A13BCDE002A6AFE /* Frameworks */,
				30F36F131A13BCDE002A6AFE /* CopyFiles */,
			);
			buildRules = (
			);
			dependencies = (
			);
			name = OnDemandSnippet;
			productName = OnDemandSnippet;
			productReference = 30F36F151A13BCDE002A6AFE /* OnDemandSnippet */;
			productType = "com.apple.product-type.tool";
		};
/* End PBXNativeTarget section */

/* Begin PBXProject section */
		30F36F0D1A13BCDE002A6AFE /* Project object */ = {
			isa = PBXProject;
			attributes = {
				LastUpgradeCheck = 0610;
				ORGANIZATIONNAME = LTU;
				TargetAttributes = {
					30F36F141A13BCDE002A6AFE = {
						CreatedOnToolsVersion = 6.1;
					};
				};
			};
			buildConfigurationList = 30F36F101A13BCDE002A6AFE /* Build configuration list for PBXProject "OnDemandSnippet" */;
			compatibilityVersion = "Xcode 3.2";
			developmentRegion = English;
			hasScannedForEncodings = 0;
			knownRegions = (
				en,
			);
			mainGroup = 30F36F0C1A13BCDE002A6AFE;
			productRefGroup = 30F36F161A13BCDE002A6AFE /* Products */;
			projectDirPath = "";
			projectRoot = "";
			targets = (
				30F36F141A13BCDE002A6AFE /* OnDemandSnippet */,
			);
		};
/* End PBXProject section */

/* Begin PBXSourcesBuildPhase section */
		30F36F111A13BCDE002A6AFE /* Sources */ = {
			isa = PBXSourcesBuildPhase;
			buildActionMask = 2147483647;
			files = (
				30F36F191A13BCDE002A6AFE /* main.m in Sources */,
				30F36F241A13BFCB002A6AFE /* LTUApp.m in Sources */,
			);
			runOnlyForDeploymentPostprocessing = 0;
		};
/* End PBXSourcesBuildPhase section */

/* Begin XCBuildConfiguration section */
		30F36F1A1A13BCDE002A6AFE /* Debug */ = {
			isa = XCBuildConfiguration;
			buildSettings = {
				ALWAYS_SEARCH_USER_PATHS = NO;
				CLANG_CXX_LANGUAGE_STANDARD = "gnu++0x";
				CLANG_CXX_LIBRARY = "libc++";
				CLANG_ENABLE_MODULES = YES;
				CLANG_ENABLE_OBJC_ARC = YES;
				CLANG_WARN_BOOL_CONVERSION = YES;
				CLANG_WARN_CONSTANT_CONVERSION = YES;
				CLANG_WARN_DIRECT_OBJC_ISA_USAGE = YES_ERROR;
				CLANG_WARN_EMPTY_BODY = YES;
				CLANG_WARN_ENUM_CONVERSION = YES;
				CLANG_WARN_INT_CONVERSION = YES;
				CLANG_WARN_OBJC_ROOT_CLASS = YES_ERROR;
				CLANG_WARN_UNREACHABLE_CODE = YES;
				CLANG_WARN__DUPLICATE_METHOD_MATCH = YES;
				COPY_PHASE_STRIP = NO;
				ENABLE_STRICT_OBJC_MSGSEND = YES;
				GCC_C_LANGUAGE_STANDARD = gnu99;
				GCC_DYNAMIC_NO_PIC = NO;
				GCC_OPTIMIZATION_LEVEL = 0;
				GCC_PREPROCESSOR_DEFINITIONS = (
					"DEBUG=1",
					"$(inherited)",
				);
				GCC_SYMBOLS_PRIVATE_EXTERN = NO;
				GCC_WARN_64_TO_32_BIT_CONVERSION = YES;
				GCC_WARN_ABOUT_RETURN_TYPE = YES_ERROR;
				GCC_WARN_UNDECLARED_SELECTOR = YES;
				GCC_WARN_UNINITIALIZED_AUTOS = YES_AGGRESSIVE;
				GCC_WARN_UNUSED_FUNCTION = YES;
				GCC_WARN_UNUSED_VARIABLE = YES;
				MACOSX_DEPLOYMENT_TARGET = 10.10;
				MTL_ENABLE_DEBUG_INFO = YES;
				ONLY_ACTIVE_ARCH = YES;
				SDKROOT = macosx;
			};
			name = Debug;
		};
		30F36F1B1A13BCDE002A6AFE /* Release */ = {
			isa = XCBuildConfiguration;
			buildSettings = {
				ALWAYS_SEARCH_USER_PATHS = NO;
				CLANG_CXX_LANGUAGE_STANDARD = "gnu++0x";
				CLANG_CXX_LIBRARY = "libc++";
				CLANG_ENABLE_MODULES = YES;
				CLANG_ENABLE_OBJC_ARC = YES;
				CLANG_WARN_BOOL_CONVERSION = YES;
				CLANG_WARN_CONSTANT_CONVERSION = YES;
				CLANG_WARN_DIRECT_OBJC_ISA_USAGE = YES_ERROR;
				CLANG_WARN_EMPTY_BODY = YES;
				CLANG_WARN_ENUM_CONVERSION = YES;
				CLANG_WARN_INT_CONVERSION = YES;
				CLANG_WARN_OBJC_ROOT_CLASS = YES_ERROR;
				CLANG_WARN_UNREACHABLE_CODE = YES;
				CLANG_WARN__DUPLICATE_METHOD_MATCH = YES;
				COPY_PHASE_STRIP = YES;
				DEBUG_INFORMATION_FORMAT = "dwarf-with-dsym";
				ENABLE_NS_ASSERTIONS = NO;
				ENABLE_STRICT_OBJC_MSGSEND = YES;
				GCC_C_LANGUAGE_STANDARD = gnu99;
				GCC_WARN_64_TO_32_BIT_CONVERSION = YES;
				GCC_WARN_ABOUT_RETURN_TYPE = YES_ERROR;
				GCC_WARN_UNDECLARED_SELECTOR = YES;
				GCC_WARN_UNINITIALIZED_AUTOS = YES_AGGRESSIVE;
				GCC_WARN_UNUSED_FUNCTION = YES;
				GCC_WARN_UNUSED_VARIABLE = YES;
				MACOSX_DEPLOYMENT_TARGET = 10.10;
				MTL_ENABLE_DEBUG_INFO = NO;
				SDKROOT = macosx;
			};
			name = Release;
		};
		30F36F1D1A13BCDE002A6AFE /* Debug */ = {
			isa = XCBuildConfiguration;
			buildSettings = {
				PRODUCT_NAME = "$(TARGET_NAME)";
			};
			name = Debug;
		};
		30F36F1E1A13BCDE002A6AFE /* Release */ = {
			isa = XCBuildConfiguration;
			buildSettings = {
				PRODUCT_NAME = "$(TARGET_NAME)";
			};
			name = Release;
		};
/* End XCBuildConfiguration section */

/* Begin XCConfigurationList section */
		30F36F101A13BCDE002A6AFE /* Build configuration list for PBXProject "OnDemandSnippet" */ = {
			isa = XCConfigurationList;
			buildConfigurations = (
				30F36F1A1A13BCDE002A6AFE /* Debug */,
				30F36F1B1A13BCDE002A6AFE /* Release */,
			);
			defaultConfigurationIsVisible = 0;
			defaultConfigurationName = Release;
		};
		30F36F1C1A13BCDE002A6AFE /* Build configuration list for PBXNativeTarget "OnDemandSnippet" */ = {
			isa = XCConfigurationList;
			buildConfigurations = (
				30F36F1D1A13BCDE002A6AFE /* Debug */,
				30F36F1E1A13BCDE002A6AFE /* Release */,
			);
			defaultConfigurationIsVisible = 0;
		};
/* End XCConfigurationList section */
	};
	rootObject = 30F36F0D1A13BCDE002A6AFE /* Project object */;
}
